
Microsoft Visual Studio Solution File, Format Version 12.00
# Visual Studio 2012
Project("{FAE04EC0-301F-11D3-BF4B-00C04F79EFBC}") = "WebApiContrib.Formatting.Bson", "src\WebApiContrib.Formatting.Bson\WebApiContrib.Formatting.Bson.csproj", "{D8493A6D-E2A7-41C4-8ED9-913902C94BD0}"
EndProject
Project("{FAE04EC0-301F-11D3-BF4B-00C04F79EFBC}") = "WebApiContrib.Formatting.Bson.Tests", "test\WebApiContrib.Formatting.Bson.Tests\WebApiContrib.Formatting.Bson.Tests.csproj", "{6D1AD3A9-04D2-4C22-9ABB-BF3B1DA011AC}"
EndProject
Project("{2150E333-8FDC-42A3-9474-1A3956D46DE8}") = ".nuget", ".nuget", "{9AC7A35E-D55E-4BD2-A51D-94B10C2C1719}"
	ProjectSection(SolutionItems) = preProject
		.nuget\NuGet.Config = .nuget\NuGet.Config
		.nuget\NuGet.exe = .nuget\NuGet.exe
		.nuget\NuGet.targets = .nuget\NuGet.targets
	EndProjectSection
EndProject
Global
	GlobalSection(SolutionConfigurationPlatforms) = preSolution
		Debug|Any CPU = Debug|Any CPU
		Release|Any CPU = Release|Any CPU
	EndGlobalSection
	GlobalSection(ProjectConfigurationPlatforms) = postSolution
		{D8493A6D-E2A7-41C4-8ED9-913902C94BD0}.Debug|Any CPU.ActiveCfg = Debug|Any CPU
		{D8493A6D-E2A7-41C4-8ED9-913902C94BD0}.Debug|Any CPU.Build.0 = Debug|Any CPU
		{D8493A6D-E2A7-41C4-8ED9-913902C94BD0}.Release|Any CPU.ActiveCfg = Release|Any CPU
		{D8493A6D-E2A7-41C4-8ED9-913902C94BD0}.Release|Any CPU.Build.0 = Release|Any CPU
		{6D1AD3A9-04D2-4C22-9ABB-BF3B1DA011AC}.Debug|Any CPU.ActiveCfg = Debug|Any CPU
		{6D1AD3A9-04D2-4C22-9ABB-BF3B1DA011AC}.Debug|Any CPU.Build.0 = Debug|Any CPU
		{6D1AD3A9-04D2-4C22-9ABB-BF3B1DA011AC}.Release|Any CPU.ActiveCfg = Release|Any CPU
		{6D1AD3A9-04D2-4C22-9ABB-BF3B1DA011AC}.Release|Any CPU.Build.0 = Release|Any CPU
	EndGlobalSection
	GlobalSection(SolutionProperties) = preSolution
		HideSolutionNode = FALSE
	EndGlobalSection
EndGlobal
